
Microsoft Visual Studio Solution File, Format Version 12.00
Project("{FAE04EC0-301F-11D3-BF4B-00C04F79EFBC}") = "ExploringTheNet", "ExploringTheNet.csproj", "{2F6CEEAA-83E4-4230-8F94-ED3DB6FC5C42}"
EndProject
Global
	GlobalSection(SolutionConfigurationPlatforms) = preSolution
		Debug|Any CPU = Debug|Any CPU
		Release|Any CPU = Release|Any CPU
	EndGlobalSection
	GlobalSection(ProjectConfigurationPlatforms) = postSolution
		{2F6CEEAA-83E4-4230-8F94-ED3DB6FC5C42}.Debug|Any CPU.ActiveCfg = Debug|Any CPU
		{2F6CEEAA-83E4-4230-8F94-ED3DB6FC5C42}.Debug|Any CPU.Build.0 = Debug|Any CPU
		{2F6CEEAA-83E4-4230-8F94-ED3DB6FC5C42}.Release|Any CPU.ActiveCfg = Release|Any CPU
		{2F6CEEAA-83E4-4230-8F94-ED3DB6FC5C42}.Release|Any CPU.Build.0 = Release|Any CPU
	EndGlobalSection
EndGlobal
